
Microsoft Visual Studio Solution File, Format Version 12.00
# Visual Studio Version 17
VisualStudioVersion = 17.0.31903.59
MinimumVisualStudioVersion = 10.0.40219.1
Project("{2150E333-8FDC-42A3-9474-1A3956D46DE8}") = "src", "src", "{4E92021B-97BB-4E2C-B66E-65D01D351A19}"
EndProject
Project("{FAE04EC0-301F-11D3-BF4B-00C04F79EFBC}") = "GreatIdeas.EducareHigh.Web", "src\Web\GreatIdeas.EducareHigh.Web.csproj", "{D3E0FCEC-1F90-4829-8BD4-9B56A73D4227}"
EndProject
Project("{FAE04EC0-301F-11D3-BF4B-00C04F79EFBC}") = "GreatIdeas.EducareHigh.Shared", "src\Shared\GreatIdeas.EducareHigh.Shared.csproj", "{AEC2FF68-D706-4914-804A-58E6673284D6}"
EndProject
Project("{FAE04EC0-301F-11D3-BF4B-00C04F79EFBC}") = "Automate", "src\Automate\Automate.csproj", "{1C6E16FA-12D3-4A48-9D85-ABC6A978DAAA}"
EndProject
Global
	GlobalSection(SolutionConfigurationPlatforms) = preSolution
		Debug|Any CPU = Debug|Any CPU
		Debug|x64 = Debug|x64
		Debug|x86 = Debug|x86
		Release|Any CPU = Release|Any CPU
		Release|x64 = Release|x64
		Release|x86 = Release|x86
	EndGlobalSection
	GlobalSection(ProjectConfigurationPlatforms) = postSolution
		{D3E0FCEC-1F90-4829-8BD4-9B56A73D4227}.Debug|Any CPU.ActiveCfg = Debug|Any CPU
		{D3E0FCEC-1F90-4829-8BD4-9B56A73D4227}.Debug|Any CPU.Build.0 = Debug|Any CPU
		{D3E0FCEC-1F90-4829-8BD4-9B56A73D4227}.Debug|x64.ActiveCfg = Debug|Any CPU
		{D3E0FCEC-1F90-4829-8BD4-9B56A73D4227}.Debug|x64.Build.0 = Debug|Any CPU
		{D3E0FCEC-1F90-4829-8BD4-9B56A73D4227}.Debug|x86.ActiveCfg = Debug|Any CPU
		{D3E0FCEC-1F90-4829-8BD4-9B56A73D4227}.Debug|x86.Build.0 = Debug|Any CPU
		{D3E0FCEC-1F90-4829-8BD4-9B56A73D4227}.Release|Any CPU.ActiveCfg = Release|Any CPU
		{D3E0FCEC-1F90-4829-8BD4-9B56A73D4227}.Release|Any CPU.Build.0 = Release|Any CPU
		{D3E0FCEC-1F90-4829-8BD4-9B56A73D4227}.Release|x64.ActiveCfg = Release|Any CPU
		{D3E0FCEC-1F90-4829-8BD4-9B56A73D4227}.Release|x64.Build.0 = Release|Any CPU
		{D3E0FCEC-1F90-4829-8BD4-9B56A73D4227}.Release|x86.ActiveCfg = Release|Any CPU
		{D3E0FCEC-1F90-4829-8BD4-9B56A73D4227}.Release|x86.Build.0 = Release|Any CPU
		{AEC2FF68-D706-4914-804A-58E6673284D6}.Debug|Any CPU.ActiveCfg = Debug|Any CPU
		{AEC2FF68-D706-4914-804A-58E6673284D6}.Debug|Any CPU.Build.0 = Debug|Any CPU
		{AEC2FF68-D706-4914-804A-58E6673284D6}.Debug|x64.ActiveCfg = Debug|Any CPU
		{AEC2FF68-D706-4914-804A-58E6673284D6}.Debug|x64.Build.0 = Debug|Any CPU
		{AEC2FF68-D706-4914-804A-58E6673284D6}.Debug|x86.ActiveCfg = Debug|Any CPU
		{AEC2FF68-D706-4914-804A-58E6673284D6}.Debug|x86.Build.0 = Debug|Any CPU
		{AEC2FF68-D706-4914-804A-58E6673284D6}.Release|Any CPU.ActiveCfg = Release|Any CPU
		{AEC2FF68-D706-4914-804A-58E6673284D6}.Release|Any CPU.Build.0 = Release|Any CPU
		{AEC2FF68-D706-4914-804A-58E6673284D6}.Release|x64.ActiveCfg = Release|Any CPU
		{AEC2FF68-D706-4914-804A-58E6673284D6}.Release|x64.Build.0 = Release|Any CPU
		{AEC2FF68-D706-4914-804A-58E6673284D6}.Release|x86.ActiveCfg = Release|Any CPU
		{AEC2FF68-D706-4914-804A-58E6673284D6}.Release|x86.Build.0 = Release|Any CPU
		{1C6E16FA-12D3-4A48-9D85-ABC6A978DAAA}.Debug|Any CPU.ActiveCfg = Debug|Any CPU
		{1C6E16FA-12D3-4A48-9D85-ABC6A978DAAA}.Debug|Any CPU.Build.0 = Debug|Any CPU
		{1C6E16FA-12D3-4A48-9D85-ABC6A978DAAA}.Debug|x64.ActiveCfg = Debug|Any CPU
		{1C6E16FA-12D3-4A48-9D85-ABC6A978DAAA}.Debug|x64.Build.0 = Debug|Any CPU
		{1C6E16FA-12D3-4A48-9D85-ABC6A978DAAA}.Debug|x86.ActiveCfg = Debug|Any CPU
		{1C6E16FA-12D3-4A48-9D85-ABC6A978DAAA}.Debug|x86.Build.0 = Debug|Any CPU
		{1C6E16FA-12D3-4A48-9D85-ABC6A978DAAA}.Release|Any CPU.ActiveCfg = Release|Any CPU
		{1C6E16FA-12D3-4A48-9D85-ABC6A978DAAA}.Release|Any CPU.Build.0 = Release|Any CPU
		{1C6E16FA-12D3-4A48-9D85-ABC6A978DAAA}.Release|x64.ActiveCfg = Release|Any CPU
		{1C6E16FA-12D3-4A48-9D85-ABC6A978DAAA}.Release|x64.Build.0 = Release|Any CPU
		{1C6E16FA-12D3-4A48-9D85-ABC6A978DAAA}.Release|x86.ActiveCfg = Release|Any CPU
		{1C6E16FA-12D3-4A48-9D85-ABC6A978DAAA}.Release|x86.Build.0 = Release|Any CPU
	EndGlobalSection
	GlobalSection(SolutionProperties) = preSolution
		HideSolutionNode = FALSE
	EndGlobalSection
	GlobalSection(NestedProjects) = preSolution
		{D3E0FCEC-1F90-4829-8BD4-9B56A73D4227} = {4E92021B-97BB-4E2C-B66E-65D01D351A19}
		{AEC2FF68-D706-4914-804A-58E6673284D6} = {4E92021B-97BB-4E2C-B66E-65D01D351A19}
		{1C6E16FA-12D3-4A48-9D85-ABC6A978DAAA} = {4E92021B-97BB-4E2C-B66E-65D01D351A19}
	EndGlobalSection
EndGlobal
